
Microsoft Visual Studio Solution File, Format Version 12.00
# Visual Studio Version 17
VisualStudioVersion = 17.2.32516.85
MinimumVisualStudioVersion = 10.0.40219.1
Project("{FAE04EC0-301F-11D3-BF4B-00C04F79EFBC}") = "coreapp9845", "coreapp9845\coreapp9845.csproj", "{A374E4DB-6C44-47B6-8F67-7BF91EAC02D9}"
EndProject
Global
	GlobalSection(SolutionConfigurationPlatforms) = preSolution
		Debug|Any CPU = Debug|Any CPU
		Release|Any CPU = Release|Any CPU
	EndGlobalSection
	GlobalSection(ProjectConfigurationPlatforms) = postSolution
		{A374E4DB-6C44-47B6-8F67-7BF91EAC02D9}.Debug|Any CPU.ActiveCfg = Debug|Any CPU
		{A374E4DB-6C44-47B6-8F67-7BF91EAC02D9}.Debug|Any CPU.Build.0 = Debug|Any CPU
		{A374E4DB-6C44-47B6-8F67-7BF91EAC02D9}.Release|Any CPU.ActiveCfg = Release|Any CPU
		{A374E4DB-6C44-47B6-8F67-7BF91EAC02D9}.Release|Any CPU.Build.0 = Release|Any CPU
	EndGlobalSection
	GlobalSection(SolutionProperties) = preSolution
		HideSolutionNode = FALSE
	EndGlobalSection
	GlobalSection(ExtensibilityGlobals) = postSolution
		SolutionGuid = {B8229BF2-B16E-4D1C-81C2-C702B26EBE48}
	EndGlobalSection
EndGlobal
